
Microsoft Visual Studio Solution File, Format Version 12.00
# Visual Studio Version 16
VisualStudioVersion = 16.0.810.13
MinimumVisualStudioVersion = 10.0.40219.1
Project("{FAE04EC0-301F-11D3-BF4B-00C04F79EFBC}") = "Models", "Models\Models.csproj", "{60D7DA29-FAA8-451D-91B5-56FDBB480D20}"
EndProject
Project("{FAE04EC0-301F-11D3-BF4B-00C04F79EFBC}") = "DataBaseContext", "DataBaseContext\DataBaseContext.csproj", "{263ABE43-7B93-452B-9DAB-CAA266A97C34}"
EndProject
Project("{FAE04EC0-301F-11D3-BF4B-00C04F79EFBC}") = "Services", "Services\Services.csproj", "{AB6D85E3-EC18-4965-BB86-E74A1F52F828}"
EndProject
Project("{FAE04EC0-301F-11D3-BF4B-00C04F79EFBC}") = "LabCaribeWeb", "LabCaribeWeb\LabCaribeWeb.csproj", "{CCA55C13-A0DC-4B07-A048-9A78940B3E4B}"
EndProject
Project("{FAE04EC0-301F-11D3-BF4B-00C04F79EFBC}") = "Tools", "Tools\Tools.csproj", "{0FEC0DD3-FAF5-48C4-A5AF-1F21FBF46178}"
EndProject
Global
	GlobalSection(SolutionConfigurationPlatforms) = preSolution
		Debug|Any CPU = Debug|Any CPU
		Release|Any CPU = Release|Any CPU
	EndGlobalSection
	GlobalSection(ProjectConfigurationPlatforms) = postSolution
		{60D7DA29-FAA8-451D-91B5-56FDBB480D20}.Debug|Any CPU.ActiveCfg = Debug|Any CPU
		{60D7DA29-FAA8-451D-91B5-56FDBB480D20}.Debug|Any CPU.Build.0 = Debug|Any CPU
		{60D7DA29-FAA8-451D-91B5-56FDBB480D20}.Release|Any CPU.ActiveCfg = Release|Any CPU
		{60D7DA29-FAA8-451D-91B5-56FDBB480D20}.Release|Any CPU.Build.0 = Release|Any CPU
		{263ABE43-7B93-452B-9DAB-CAA266A97C34}.Debug|Any CPU.ActiveCfg = Debug|Any CPU
		{263ABE43-7B93-452B-9DAB-CAA266A97C34}.Debug|Any CPU.Build.0 = Debug|Any CPU
		{263ABE43-7B93-452B-9DAB-CAA266A97C34}.Release|Any CPU.ActiveCfg = Release|Any CPU
		{263ABE43-7B93-452B-9DAB-CAA266A97C34}.Release|Any CPU.Build.0 = Release|Any CPU
		{AB6D85E3-EC18-4965-BB86-E74A1F52F828}.Debug|Any CPU.ActiveCfg = Debug|Any CPU
		{AB6D85E3-EC18-4965-BB86-E74A1F52F828}.Debug|Any CPU.Build.0 = Debug|Any CPU
		{AB6D85E3-EC18-4965-BB86-E74A1F52F828}.Release|Any CPU.ActiveCfg = Release|Any CPU
		{AB6D85E3-EC18-4965-BB86-E74A1F52F828}.Release|Any CPU.Build.0 = Release|Any CPU
		{CCA55C13-A0DC-4B07-A048-9A78940B3E4B}.Debug|Any CPU.ActiveCfg = Debug|Any CPU
		{CCA55C13-A0DC-4B07-A048-9A78940B3E4B}.Debug|Any CPU.Build.0 = Debug|Any CPU
		{CCA55C13-A0DC-4B07-A048-9A78940B3E4B}.Release|Any CPU.ActiveCfg = Release|Any CPU
		{CCA55C13-A0DC-4B07-A048-9A78940B3E4B}.Release|Any CPU.Build.0 = Release|Any CPU
		{0FEC0DD3-FAF5-48C4-A5AF-1F21FBF46178}.Debug|Any CPU.ActiveCfg = Debug|Any CPU
		{0FEC0DD3-FAF5-48C4-A5AF-1F21FBF46178}.Debug|Any CPU.Build.0 = Debug|Any CPU
		{0FEC0DD3-FAF5-48C4-A5AF-1F21FBF46178}.Release|Any CPU.ActiveCfg = Release|Any CPU
		{0FEC0DD3-FAF5-48C4-A5AF-1F21FBF46178}.Release|Any CPU.Build.0 = Release|Any CPU
	EndGlobalSection
	GlobalSection(SolutionProperties) = preSolution
		HideSolutionNode = FALSE
	EndGlobalSection
	GlobalSection(ExtensibilityGlobals) = postSolution
		SolutionGuid = {A55A2482-C411-45B7-A687-1CE271E5F363}
	EndGlobalSection
EndGlobal
